{
  "name": "clicker-sdk",
  "version": "0.0.1",
  "lockfileVersion": 2,
  "requires": true,
  "description": "Build For QA so that Mac Address can easily be used",
  "packages": {
    "": {
      "name": "clicker-sdk",
      "version": "0.0.1",
      "hasInstallScript": true,
      "license": "MIT"
    }
  }
}
